
Microsoft Visual Studio Solution File, Format Version 12.00
# Visual Studio Version 17
VisualStudioVersion = 17.4.33205.214
MinimumVisualStudioVersion = 10.0.40219.1
Project("{FAE04EC0-301F-11D3-BF4B-00C04F79EFBC}") = "Vehicles", "Vehicles\Vehicles.csproj", "{1C2F1AB1-805E-4261-B0AC-A6CD1BAD5550}"
EndProject
Project("{FAE04EC0-301F-11D3-BF4B-00C04F79EFBC}") = "Vehicles.Core", "Vehicles.Core\Vehicles.Core.csproj", "{F1D76F24-91DC-4E6A-A978-AC259B2FAA0B}"
EndProject
Project("{FAE04EC0-301F-11D3-BF4B-00C04F79EFBC}") = "Vehicles.Infrastructure", "Vehicles.Infrastructure\Vehicles.Infrastructure.csproj", "{372DFF45-28A3-4538-A81A-6871C080864F}"
EndProject
Global
	GlobalSection(SolutionConfigurationPlatforms) = preSolution
		Debug|Any CPU = Debug|Any CPU
		Release|Any CPU = Release|Any CPU
	EndGlobalSection
	GlobalSection(ProjectConfigurationPlatforms) = postSolution
		{1C2F1AB1-805E-4261-B0AC-A6CD1BAD5550}.Debug|Any CPU.ActiveCfg = Debug|Any CPU
		{1C2F1AB1-805E-4261-B0AC-A6CD1BAD5550}.Debug|Any CPU.Build.0 = Debug|Any CPU
		{1C2F1AB1-805E-4261-B0AC-A6CD1BAD5550}.Release|Any CPU.ActiveCfg = Release|Any CPU
		{1C2F1AB1-805E-4261-B0AC-A6CD1BAD5550}.Release|Any CPU.Build.0 = Release|Any CPU
		{F1D76F24-91DC-4E6A-A978-AC259B2FAA0B}.Debug|Any CPU.ActiveCfg = Debug|Any CPU
		{F1D76F24-91DC-4E6A-A978-AC259B2FAA0B}.Debug|Any CPU.Build.0 = Debug|Any CPU
		{F1D76F24-91DC-4E6A-A978-AC259B2FAA0B}.Release|Any CPU.ActiveCfg = Release|Any CPU
		{F1D76F24-91DC-4E6A-A978-AC259B2FAA0B}.Release|Any CPU.Build.0 = Release|Any CPU
		{372DFF45-28A3-4538-A81A-6871C080864F}.Debug|Any CPU.ActiveCfg = Debug|Any CPU
		{372DFF45-28A3-4538-A81A-6871C080864F}.Debug|Any CPU.Build.0 = Debug|Any CPU
		{372DFF45-28A3-4538-A81A-6871C080864F}.Release|Any CPU.ActiveCfg = Release|Any CPU
		{372DFF45-28A3-4538-A81A-6871C080864F}.Release|Any CPU.Build.0 = Release|Any CPU
	EndGlobalSection
	GlobalSection(SolutionProperties) = preSolution
		HideSolutionNode = FALSE
	EndGlobalSection
	GlobalSection(ExtensibilityGlobals) = postSolution
		SolutionGuid = {FDA6EB7E-4FA5-486F-B748-DDFB9F5680BF}
	EndGlobalSection
EndGlobal
